
Microsoft Visual Studio Solution File, Format Version 12.00
# Visual Studio 15
VisualStudioVersion = 15.0.28307.572
MinimumVisualStudioVersion = 10.0.40219.1
Project("{FAE04EC0-301F-11D3-BF4B-00C04F79EFBC}") = "CarShop", "CarShop\CarShop.csproj", "{D1C8B158-D320-43DD-BDD6-8CEA8FAB510E}"
EndProject
Global
	GlobalSection(SolutionConfigurationPlatforms) = preSolution
		Debug|Any CPU = Debug|Any CPU
		Release|Any CPU = Release|Any CPU
	EndGlobalSection
	GlobalSection(ProjectConfigurationPlatforms) = postSolution
		{D1C8B158-D320-43DD-BDD6-8CEA8FAB510E}.Debug|Any CPU.ActiveCfg = Debug|Any CPU
		{D1C8B158-D320-43DD-BDD6-8CEA8FAB510E}.Debug|Any CPU.Build.0 = Debug|Any CPU
		{D1C8B158-D320-43DD-BDD6-8CEA8FAB510E}.Release|Any CPU.ActiveCfg = Release|Any CPU
		{D1C8B158-D320-43DD-BDD6-8CEA8FAB510E}.Release|Any CPU.Build.0 = Release|Any CPU
	EndGlobalSection
	GlobalSection(SolutionProperties) = preSolution
		HideSolutionNode = FALSE
	EndGlobalSection
	GlobalSection(ExtensibilityGlobals) = postSolution
		SolutionGuid = {81ABBC19-2BDD-4F58-A127-B87ACFBE5D5E}
	EndGlobalSection
EndGlobal
